dependencies:
  - name: edge
    repository: file://../edge
    version: 1.0.6
  - name: gm-control-api
    repository: file://../gm-control-api
    version: 0.1.0
  - name: control
    repository: file://../control
    version: 0.1.0
digest: sha256:2469bb44265ace6427f99fea6ab495b51cc917d33632ab3c978fdb7702f9985e
generated: '2019-08-01T14:18:27.670844-04:00'
