dependencies:
- name: catalog
  repository: file://../catalog
  version: 2.1.4
- name: data
  repository: file://../data
  version: 2.1.4
- name: data
  repository: file://../data
  version: 2.1.4
- name: dashboard
  repository: file://../dashboard
  version: 2.1.2
- name: edge
  repository: file://../edge
  version: 2.1.2
- name: jwt
  repository: file://../jwt
  version: 2.1.1
- name: jwt
  repository: file://../jwt
  version: 2.1.1
- name: slo
  repository: file://../slo
  version: 2.1.1
- name: gm-control-api
  repository: file://../gm-control-api
  version: 2.1.4
- name: control
  repository: file://../control
  version: 2.1.2
- name: spire
  repository: file://../spire
  version: 2.1.1
digest: sha256:9a27f94754e3967779bf4b15612eea3c27a85a28fb33800c5feeacd27ad039d7
generated: "2019-12-02T13:03:31.209401-05:00"
