dependencies:
- name: catalog
  repository: file:///Users/kaitmore/Decipher/helm-charts/catalog
  version: 2.1.4
- name: data
  repository: file://../data
  version: 2.1.4
- name: data
  repository: file://../data
  version: 2.1.4
- name: dashboard
  repository: file://../dashboard
  version: 2.1.2
- name: edge
  repository: file://../edge
  version: 2.1.2
- name: jwt
  repository: file://../jwt
  version: 2.1.1
- name: jwt
  repository: file://../jwt
  version: 2.1.1
- name: slo
  repository: file://../slo
  version: 2.1.1
- name: gm-control-api
  repository: file://../gm-control-api
  version: 2.1.4
- name: control
  repository: file://../control
  version: 2.1.2
- name: spire
  repository: file://../spire
  version: 2.1.1
digest: sha256:914a2a764cc5884606d78e05d51c2bde69d2b2a6ca13d09abf8f0377a498727e
generated: "2019-12-02T11:56:31.572207-05:00"
