dependencies:
- name: dashboard
  repository: file://../dashboard
  version: 1.0.0
- name: catalog
  repository: file://../catalog
  version: 1.0.0
- name: xds
  repository: file://../xds
  version: 1.0.0
- name: edge
  repository: file://../edge
  version: 1.0.0
- name: data
  repository: file://../data
  version: 1.0.0
- name: jwt
  repository: file://../jwt
  version: 1.0.0
- name: slo
  repository: file://../slo
  version: 1.0.0
- name: exhibitor
  repository: file://../exhibitor
  version: 1.0.0
digest: sha256:74ef5b5cfe0bfe93f43b42e3058df3a59f71bc2d9de4dbe8d5af9aabbf8724ee
generated: 2019-05-06T13:02:57.728103-04:00
