dependencies:
- name: dashboard
  repository: file://../dashboard
  version: 2.5.0
- name: catalog
  repository: file://../catalog
  version: 0.3.6
- name: xds
  repository: file://../xds
  version: 0.2.6
- name: edge
  repository: file://../edge
  version: 0.7.1
- name: data
  repository: file://../data
  version: 0.2.3
- name: jwt
  repository: file://../jwt
  version: 0.2.0
- name: slo
  repository: file://../slo
  version: 0.4.0
digest: sha256:ef718cdddabb58b9f27f084b92a8e45cd9ea0833fa8465f5d80181bfa2b388e5
generated: 2019-04-26T17:00:26.370259-04:00
