dependencies:
- name: catalog
  repository: https://nexus.production.deciphernow.com/repository/helm-hosted
  version: 1.0.3
- name: data
  repository: https://nexus.production.deciphernow.com/repository/helm-hosted
  version: 1.0.2
- name: dashboard
  repository: https://nexus.production.deciphernow.com/repository/helm-hosted
  version: 1.0.3
- name: documentation
  repository: https://nexus.production.deciphernow.com/repository/helm-hosted
  version: 1.0.1
- name: edge
  repository: https://nexus.production.deciphernow.com/repository/helm-hosted
  version: 1.0.4
- name: xds
  repository: https://nexus.production.deciphernow.com/repository/helm-hosted
  version: 1.0.1
- name: exhibitor
  repository: https://nexus.production.deciphernow.com/repository/helm-hosted
  version: 1.0.1
- name: jwt
  repository: https://nexus.production.deciphernow.com/repository/helm-hosted
  version: 1.0.1
- name: slo
  repository: https://nexus.production.deciphernow.com/repository/helm-hosted
  version: 1.0.1
digest: sha256:cf97f2883e1904d24b6f0aa0baeab58a0e63220e210a623158087fefa1d65c64
generated: 2019-06-24T09:36:42.900965-04:00
