dependencies:
- name: gm-data
  repository: file://./gm-data
  version: 2.1.7
- name: gm-data
  repository: file://./gm-data
  version: 2.1.7
- name: jwt
  repository: file://./jwt
  version: 2.1.2
- name: jwt
  repository: file://./jwt
  version: 2.1.2
digest: sha256:fd418d8eeba562ae0eb3ad9c8828dd2402e3ec6a20cb1c043a33a198a7a31916
generated: "2020-03-23T15:25:21.261547-04:00"
