dependencies:
- name: catalog
  repository: file://./catalog
  version: 2.1.6
- name: dashboard
  repository: file://./dashboard
  version: 2.1.5
- name: slo
  repository: file://./slo
  version: 2.1.3
digest: sha256:f378a2bcedeb7cb2fb8b9680f816e820ae92ad797068155871d195ffdfc7c4dc
generated: "2020-03-20T13:03:18.772246-04:00"
